
Microsoft Visual Studio Solution File, Format Version 12.00
# Visual Studio Version 16
VisualStudioVersion = 16.0.30523.141
MinimumVisualStudioVersion = 10.0.40219.1
Project("{8BC9CEB8-8B4A-11D0-8D11-00A0C91BC942}") = "Gope4_31", "Gope4_31\Gope4_31.vcxproj", "{3AB6CC95-E4C2-4628-B107-DD40504E0CAF}"
EndProject
Global
	GlobalSection(SolutionConfigurationPlatforms) = preSolution
		Debug|x64 = Debug|x64
		Debug|x86 = Debug|x86
		Release|x64 = Release|x64
		Release|x86 = Release|x86
	EndGlobalSection
	GlobalSection(ProjectConfigurationPlatforms) = postSolution
		{3AB6CC95-E4C2-4628-B107-DD40504E0CAF}.Debug|x64.ActiveCfg = Debug|x64
		{3AB6CC95-E4C2-4628-B107-DD40504E0CAF}.Debug|x64.Build.0 = Debug|x64
		{3AB6CC95-E4C2-4628-B107-DD40504E0CAF}.Debug|x86.ActiveCfg = Debug|Win32
		{3AB6CC95-E4C2-4628-B107-DD40504E0CAF}.Debug|x86.Build.0 = Debug|Win32
		{3AB6CC95-E4C2-4628-B107-DD40504E0CAF}.Release|x64.ActiveCfg = Release|x64
		{3AB6CC95-E4C2-4628-B107-DD40504E0CAF}.Release|x64.Build.0 = Release|x64
		{3AB6CC95-E4C2-4628-B107-DD40504E0CAF}.Release|x86.ActiveCfg = Release|Win32
		{3AB6CC95-E4C2-4628-B107-DD40504E0CAF}.Release|x86.Build.0 = Release|Win32
	EndGlobalSection
	GlobalSection(SolutionProperties) = preSolution
		HideSolutionNode = FALSE
	EndGlobalSection
	GlobalSection(ExtensibilityGlobals) = postSolution
		SolutionGuid = {C39C5EC7-4825-48E7-A3C7-0DD2B5E54A86}
	EndGlobalSection
EndGlobal
