
Microsoft Visual Studio Solution File, Format Version 12.00
# Visual Studio Version 16
VisualStudioVersion = 16.0.30523.141
MinimumVisualStudioVersion = 10.0.40219.1
Project("{8BC9CEB8-8B4A-11D0-8D11-00A0C91BC942}") = "Gope7_20", "Gope7_20\Gope7_20.vcxproj", "{54BA6BA4-9CAE-4D3B-92B6-9E5A6D9267B4}"
EndProject
Global
	GlobalSection(SolutionConfigurationPlatforms) = preSolution
		Debug|x64 = Debug|x64
		Debug|x86 = Debug|x86
		Release|x64 = Release|x64
		Release|x86 = Release|x86
	EndGlobalSection
	GlobalSection(ProjectConfigurationPlatforms) = postSolution
		{54BA6BA4-9CAE-4D3B-92B6-9E5A6D9267B4}.Debug|x64.ActiveCfg = Debug|x64
		{54BA6BA4-9CAE-4D3B-92B6-9E5A6D9267B4}.Debug|x64.Build.0 = Debug|x64
		{54BA6BA4-9CAE-4D3B-92B6-9E5A6D9267B4}.Debug|x86.ActiveCfg = Debug|Win32
		{54BA6BA4-9CAE-4D3B-92B6-9E5A6D9267B4}.Debug|x86.Build.0 = Debug|Win32
		{54BA6BA4-9CAE-4D3B-92B6-9E5A6D9267B4}.Release|x64.ActiveCfg = Release|x64
		{54BA6BA4-9CAE-4D3B-92B6-9E5A6D9267B4}.Release|x64.Build.0 = Release|x64
		{54BA6BA4-9CAE-4D3B-92B6-9E5A6D9267B4}.Release|x86.ActiveCfg = Release|Win32
		{54BA6BA4-9CAE-4D3B-92B6-9E5A6D9267B4}.Release|x86.Build.0 = Release|Win32
	EndGlobalSection
	GlobalSection(SolutionProperties) = preSolution
		HideSolutionNode = FALSE
	EndGlobalSection
	GlobalSection(ExtensibilityGlobals) = postSolution
		SolutionGuid = {5FCFD148-B0ED-4D7D-8202-326B51FD712D}
	EndGlobalSection
EndGlobal
