
Microsoft Visual Studio Solution File, Format Version 12.00
# Visual Studio Version 16
VisualStudioVersion = 16.0.30523.141
MinimumVisualStudioVersion = 10.0.40219.1
Project("{8BC9CEB8-8B4A-11D0-8D11-00A0C91BC942}") = "Gope1.35", "Gope1.35\Gope1.35.vcxproj", "{006B8C57-FE0A-4C0E-9484-BAC66072F148}"
EndProject
Global
	GlobalSection(SolutionConfigurationPlatforms) = preSolution
		Debug|x64 = Debug|x64
		Debug|x86 = Debug|x86
		Release|x64 = Release|x64
		Release|x86 = Release|x86
	EndGlobalSection
	GlobalSection(ProjectConfigurationPlatforms) = postSolution
		{006B8C57-FE0A-4C0E-9484-BAC66072F148}.Debug|x64.ActiveCfg = Debug|x64
		{006B8C57-FE0A-4C0E-9484-BAC66072F148}.Debug|x64.Build.0 = Debug|x64
		{006B8C57-FE0A-4C0E-9484-BAC66072F148}.Debug|x86.ActiveCfg = Debug|Win32
		{006B8C57-FE0A-4C0E-9484-BAC66072F148}.Debug|x86.Build.0 = Debug|Win32
		{006B8C57-FE0A-4C0E-9484-BAC66072F148}.Release|x64.ActiveCfg = Release|x64
		{006B8C57-FE0A-4C0E-9484-BAC66072F148}.Release|x64.Build.0 = Release|x64
		{006B8C57-FE0A-4C0E-9484-BAC66072F148}.Release|x86.ActiveCfg = Release|Win32
		{006B8C57-FE0A-4C0E-9484-BAC66072F148}.Release|x86.Build.0 = Release|Win32
	EndGlobalSection
	GlobalSection(SolutionProperties) = preSolution
		HideSolutionNode = FALSE
	EndGlobalSection
	GlobalSection(ExtensibilityGlobals) = postSolution
		SolutionGuid = {63ADBEFE-A296-4311-9813-AC1B07A3378F}
	EndGlobalSection
EndGlobal
